// !$*UTF8*$!
{
	archiveVersion = 1;
	classes = {
	};
	objectVersion = 50;
	objects = {

/* Begin PBXBuildFile section */
		EC08294E222FC1DD0033A12B /* RedBall.m in Sources */ = {isa = PBXBuildFile; fileRef = EC08294D222FC1DD0033A12B /* RedBall.m */; };
		EC082953222FC5470033A12B /* Bubble.m in Sources */ = {isa = PBXBuildFile; fileRef = EC082952222FC5470033A12B /* Bubble.m */; };
		EC082955222FE2060033A12B /* ImageReource.xcassets in Resources */ = {isa = PBXBuildFile; fileRef = EC082954222FE2060033A12B /* ImageReource.xcassets */; };
		EC082959222FE3B50033A12B /* CommUtil.m in Sources */ = {isa = PBXBuildFile; fileRef = EC082958222FE3B50033A12B /* CommUtil.m */; };
		EC08295D222FEA6B0033A12B /* GameConfigs.m in Sources */ = {isa = PBXBuildFile; fileRef = EC08295C222FEA6B0033A12B /* GameConfigs.m */; };
		EC494D4E222FF516002D98E5 /* Actions.sks in Resources */ = {isa = PBXBuildFile; fileRef = EC494D4D222FF516002D98E5 /* Actions.sks */; };
		EC494D51222FF7B6002D98E5 /* SpinnyNode.m in Sources */ = {isa = PBXBuildFile; fileRef = EC494D50222FF7B6002D98E5 /* SpinnyNode.m */; };
		EC494D54222FF9E0002D98E5 /* UIColor+ColorExtension.m in Sources */ = {isa = PBXBuildFile; fileRef = EC494D53222FF9E0002D98E5 /* UIColor+ColorExtension.m */; };
		EC68A5252234DB5A00A2F1D2 /* backmusic.wav in Resources */ = {isa = PBXBuildFile; fileRef = EC68A5242234DB5A00A2F1D2 /* backmusic.wav */; };
		EC68A52F2234E2DD00A2F1D2 /* game_readyGo.wav in Resources */ = {isa = PBXBuildFile; fileRef = EC68A5262234E2DC00A2F1D2 /* game_readyGo.wav */; };
		EC68A5302234E2DD00A2F1D2 /* bubble_made_faild_byhit.wav in Resources */ = {isa = PBXBuildFile; fileRef = EC68A5272234E2DC00A2F1D2 /* bubble_made_faild_byhit.wav */; };
		EC68A5312234E2DD00A2F1D2 /* bubble_growing.wav in Resources */ = {isa = PBXBuildFile; fileRef = EC68A5282234E2DC00A2F1D2 /* bubble_growing.wav */; };
		EC68A5322234E2DD00A2F1D2 /* timer_nomuch.wav in Resources */ = {isa = PBXBuildFile; fileRef = EC68A5292234E2DD00A2F1D2 /* timer_nomuch.wav */; };
		EC68A5332234E2DD00A2F1D2 /* redball_stop.wav in Resources */ = {isa = PBXBuildFile; fileRef = EC68A52A2234E2DD00A2F1D2 /* redball_stop.wav */; };
		EC68A5342234E2DD00A2F1D2 /* game_succeed.wav in Resources */ = {isa = PBXBuildFile; fileRef = EC68A52B2234E2DD00A2F1D2 /* game_succeed.wav */; };
		EC68A5352234E2DD00A2F1D2 /* bubble_made_faild_toosmall.wav in Resources */ = {isa = PBXBuildFile; fileRef = EC68A52C2234E2DD00A2F1D2 /* bubble_made_faild_toosmall.wav */; };
		EC68A5362234E2DD00A2F1D2 /* button_click.wav in Resources */ = {isa = PBXBuildFile; fileRef = EC68A52D2234E2DD00A2F1D2 /* button_click.wav */; };
		EC68A5372234E2DD00A2F1D2 /* game_faild.wav in Resources */ = {isa = PBXBuildFile; fileRef = EC68A52E2234E2DD00A2F1D2 /* game_faild.wav */; };
		EC68A53A2234EB5B00A2F1D2 /* GameEmitterManager.m in Sources */ = {isa = PBXBuildFile; fileRef = EC68A5392234EB5B00A2F1D2 /* GameEmitterManager.m */; };
		EC68A54F2234EE5300A2F1D2 /* BubbleFaild.sks in Resources */ = {isa = PBXBuildFile; fileRef = EC68A54D2234EE5300A2F1D2 /* BubbleFaild.sks */; };
		EC68A5502234EE5300A2F1D2 /* GameEmitter.xcassets in Resources */ = {isa = PBXBuildFile; fileRef = EC68A54E2234EE5300A2F1D2 /* GameEmitter.xcassets */; };
		EC68A5532234F1E400A2F1D2 /* BubbleSucceed.sks in Resources */ = {isa = PBXBuildFile; fileRef = EC68A5512234F1E400A2F1D2 /* BubbleSucceed.sks */; };
		ECD40E6D2234B20E00607DCA /* MianSoundManager.m in Sources */ = {isa = PBXBuildFile; fileRef = ECD40E6C2234B20E00607DCA /* MianSoundManager.m */; };
		ECF9A1B5222EA82400952DA2 /* AppDelegate.m in Sources */ = {isa = PBXBuildFile; fileRef = ECF9A1B4222EA82400952DA2 /* AppDelegate.m */; };
		ECF9A1BC222EA82400952DA2 /* MainGameScene.m in Sources */ = {isa = PBXBuildFile; fileRef = ECF9A1BB222EA82400952DA2 /* MainGameScene.m */; };
		ECF9A1BF222EA82400952DA2 /* GameViewController.m in Sources */ = {isa = PBXBuildFile; fileRef = ECF9A1BE222EA82400952DA2 /* GameViewController.m */; };
		ECF9A1C2222EA82400952DA2 /* Main.storyboard in Resources */ = {isa = PBXBuildFile; fileRef = ECF9A1C0222EA82400952DA2 /* Main.storyboard */; };
		ECF9A1C4222EA82500952DA2 /* Assets.xcassets in Resources */ = {isa = PBXBuildFile; fileRef = ECF9A1C3222EA82500952DA2 /* Assets.xcassets */; };
		ECF9A1C7222EA82500952DA2 /* LaunchScreen.storyboard in Resources */ = {isa = PBXBuildFile; fileRef = ECF9A1C5222EA82500952DA2 /* LaunchScreen.storyboard */; };
		ECF9A1CA222EA82500952DA2 /* main.m in Sources */ = {isa = PBXBuildFile; fileRef = ECF9A1C9222EA82500952DA2 /* main.m */; };
/* End PBXBuildFile section */

/* Begin PBXFileReference section */
		EC08294C222FC1DD0033A12B /* RedBall.h */ = {isa = PBXFileReference; lastKnownFileType = sourcecode.c.h; path = RedBall.h; sourceTree = "<group>"; };
		EC08294D222FC1DD0033A12B /* RedBall.m */ = {isa = PBXFileReference; lastKnownFileType = sourcecode.c.objc; path = RedBall.m; sourceTree = "<group>"; };
		EC082951222FC5470033A12B /* Bubble.h */ = {isa = PBXFileReference; lastKnownFileType = sourcecode.c.h; path = Bubble.h; sourceTree = "<group>"; };
		EC082952222FC5470033A12B /* Bubble.m */ = {isa = PBXFileReference; lastKnownFileType = sourcecode.c.objc; path = Bubble.m; sourceTree = "<group>"; };
		EC082954222FE2060033A12B /* ImageReource.xcassets */ = {isa = PBXFileReference; lastKnownFileType = folder.assetcatalog; path = ImageReource.xcassets; sourceTree = "<group>"; };
		EC082957222FE3B50033A12B /* CommUtil.h */ = {isa = PBXFileReference; lastKnownFileType = sourcecode.c.h; path = CommUtil.h; sourceTree = "<group>"; };
		EC082958222FE3B50033A12B /* CommUtil.m */ = {isa = PBXFileReference; lastKnownFileType = sourcecode.c.objc; path = CommUtil.m; sourceTree = "<group>"; };
		EC08295B222FEA6B0033A12B /* GameConfigs.h */ = {isa = PBXFileReference; lastKnownFileType = sourcecode.c.h; path = GameConfigs.h; sourceTree = "<group>"; };
		EC08295C222FEA6B0033A12B /* GameConfigs.m */ = {isa = PBXFileReference; lastKnownFileType = sourcecode.c.objc; path = GameConfigs.m; sourceTree = "<group>"; };
		EC494D4D222FF516002D98E5 /* Actions.sks */ = {isa = PBXFileReference; lastKnownFileType = file.sks; path = Actions.sks; sourceTree = "<group>"; };
		EC494D4F222FF7B6002D98E5 /* SpinnyNode.h */ = {isa = PBXFileReference; lastKnownFileType = sourcecode.c.h; path = SpinnyNode.h; sourceTree = "<group>"; };
		EC494D50222FF7B6002D98E5 /* SpinnyNode.m */ = {isa = PBXFileReference; lastKnownFileType = sourcecode.c.objc; path = SpinnyNode.m; sourceTree = "<group>"; };
		EC494D52222FF9E0002D98E5 /* UIColor+ColorExtension.h */ = {isa = PBXFileReference; fileEncoding = 4; lastKnownFileType = sourcecode.c.h; path = "UIColor+ColorExtension.h"; sourceTree = "<group>"; };
		EC494D53222FF9E0002D98E5 /* UIColor+ColorExtension.m */ = {isa = PBXFileReference; fileEncoding = 4; lastKnownFileType = sourcecode.c.objc; path = "UIColor+ColorExtension.m"; sourceTree = "<group>"; };
		EC68A5242234DB5A00A2F1D2 /* backmusic.wav */ = {isa = PBXFileReference; lastKnownFileType = audio.wav; path = backmusic.wav; sourceTree = "<group>"; };
		EC68A5262234E2DC00A2F1D2 /* game_readyGo.wav */ = {isa = PBXFileReference; lastKnownFileType = audio.wav; path = game_readyGo.wav; sourceTree = "<group>"; };
		EC68A5272234E2DC00A2F1D2 /* bubble_made_faild_byhit.wav */ = {isa = PBXFileReference; lastKnownFileType = audio.wav; path = bubble_made_faild_byhit.wav; sourceTree = "<group>"; };
		EC68A5282234E2DC00A2F1D2 /* bubble_growing.wav */ = {isa = PBXFileReference; lastKnownFileType = audio.wav; path = bubble_growing.wav; sourceTree = "<group>"; };
		EC68A5292234E2DD00A2F1D2 /* timer_nomuch.wav */ = {isa = PBXFileReference; lastKnownFileType = audio.wav; path = timer_nomuch.wav; sourceTree = "<group>"; };
		EC68A52A2234E2DD00A2F1D2 /* redball_stop.wav */ = {isa = PBXFileReference; lastKnownFileType = audio.wav; path = redball_stop.wav; sourceTree = "<group>"; };
		EC68A52B2234E2DD00A2F1D2 /* game_succeed.wav */ = {isa = PBXFileReference; lastKnownFileType = audio.wav; path = game_succeed.wav; sourceTree = "<group>"; };
		EC68A52C2234E2DD00A2F1D2 /* bubble_made_faild_toosmall.wav */ = {isa = PBXFileReference; lastKnownFileType = audio.wav; path = bubble_made_faild_toosmall.wav; sourceTree = "<group>"; };
		EC68A52D2234E2DD00A2F1D2 /* button_click.wav */ = {isa = PBXFileReference; lastKnownFileType = audio.wav; path = button_click.wav; sourceTree = "<group>"; };
		EC68A52E2234E2DD00A2F1D2 /* game_faild.wav */ = {isa = PBXFileReference; lastKnownFileType = audio.wav; path = game_faild.wav; sourceTree = "<group>"; };
		EC68A5382234EB5B00A2F1D2 /* GameEmitterManager.h */ = {isa = PBXFileReference; lastKnownFileType = sourcecode.c.h; path = GameEmitterManager.h; sourceTree = "<group>"; };
		EC68A5392234EB5B00A2F1D2 /* GameEmitterManager.m */ = {isa = PBXFileReference; lastKnownFileType = sourcecode.c.objc; path = GameEmitterManager.m; sourceTree = "<group>"; };
		EC68A54D2234EE5300A2F1D2 /* BubbleFaild.sks */ = {isa = PBXFileReference; lastKnownFileType = file.sks; path = BubbleFaild.sks; sourceTree = "<group>"; };
		EC68A54E2234EE5300A2F1D2 /* GameEmitter.xcassets */ = {isa = PBXFileReference; lastKnownFileType = folder.assetcatalog; path = GameEmitter.xcassets; sourceTree = "<group>"; };
		EC68A5512234F1E400A2F1D2 /* BubbleSucceed.sks */ = {isa = PBXFileReference; lastKnownFileType = file.sks; path = BubbleSucceed.sks; sourceTree = "<group>"; };
		ECD40E6B2234B20E00607DCA /* MianSoundManager.h */ = {isa = PBXFileReference; lastKnownFileType = sourcecode.c.h; path = MianSoundManager.h; sourceTree = "<group>"; };
		ECD40E6C2234B20E00607DCA /* MianSoundManager.m */ = {isa = PBXFileReference; lastKnownFileType = sourcecode.c.objc; path = MianSoundManager.m; sourceTree = "<group>"; };
		ECF9A1B0222EA82400952DA2 /* BubbleGame.app */ = {isa = PBXFileReference; explicitFileType = wrapper.application; includeInIndex = 0; path = BubbleGame.app; sourceTree = BUILT_PRODUCTS_DIR; };
		ECF9A1B3222EA82400952DA2 /* AppDelegate.h */ = {isa = PBXFileReference; lastKnownFileType = sourcecode.c.h; path = AppDelegate.h; sourceTree = "<group>"; };
		ECF9A1B4222EA82400952DA2 /* AppDelegate.m */ = {isa = PBXFileReference; lastKnownFileType = sourcecode.c.objc; path = AppDelegate.m; sourceTree = "<group>"; };
		ECF9A1BA222EA82400952DA2 /* MainGameScene.h */ = {isa = PBXFileReference; lastKnownFileType = sourcecode.c.h; path = MainGameScene.h; sourceTree = "<group>"; };
		ECF9A1BB222EA82400952DA2 /* MainGameScene.m */ = {isa = PBXFileReference; lastKnownFileType = sourcecode.c.objc; path = MainGameScene.m; sourceTree = "<group>"; };
		ECF9A1BD222EA82400952DA2 /* GameViewController.h */ = {isa = PBXFileReference; lastKnownFileType = sourcecode.c.h; path = GameViewController.h; sourceTree = "<group>"; };
		ECF9A1BE222EA82400952DA2 /* GameViewController.m */ = {isa = PBXFileReference; lastKnownFileType = sourcecode.c.objc; path = GameViewController.m; sourceTree = "<group>"; };
		ECF9A1C1222EA82400952DA2 /* Base */ = {isa = PBXFileReference; lastKnownFileType = file.storyboard; name = Base; path = Base.lproj/Main.storyboard; sourceTree = "<group>"; };
		ECF9A1C3222EA82500952DA2 /* Assets.xcassets */ = {isa = PBXFileReference; lastKnownFileType = folder.assetcatalog; path = Assets.xcassets; sourceTree = "<group>"; };
		ECF9A1C6222EA82500952DA2 /* Base */ = {isa = PBXFileReference; lastKnownFileType = file.storyboard; name = Base; path = Base.lproj/LaunchScreen.storyboard; sourceTree = "<group>"; };
		ECF9A1C8222EA82500952DA2 /* Info.plist */ = {isa = PBXFileReference; lastKnownFileType = text.plist.xml; path = Info.plist; sourceTree = "<group>"; };
		ECF9A1C9222EA82500952DA2 /* main.m */ = {isa = PBXFileReference; lastKnownFileType = sourcecode.c.objc; path = main.m; sourceTree = "<group>"; };
/* End PBXFileReference section */

/* Begin PBXFrameworksBuildPhase section */
		ECF9A1AD222EA82400952DA2 /* Frameworks */ = {
			isa = PBXFrameworksBuildPhase;
			buildActionMask = 2147483647;
			files = (
			);
			runOnlyForDeploymentPostprocessing = 0;
		};
/* End PBXFrameworksBuildPhase section */

/* Begin PBXGroup section */
		EC08294B222FC1A00033A12B /* Actors */ = {
			isa = PBXGroup;
			children = (
				EC08294C222FC1DD0033A12B /* RedBall.h */,
				EC08294D222FC1DD0033A12B /* RedBall.m */,
				EC082951222FC5470033A12B /* Bubble.h */,
				EC082952222FC5470033A12B /* Bubble.m */,
				EC494D4F222FF7B6002D98E5 /* SpinnyNode.h */,
				EC494D50222FF7B6002D98E5 /* SpinnyNode.m */,
			);
			path = Actors;
			sourceTree = "<group>";
		};
		EC082956222FE38D0033A12B /* Util */ = {
			isa = PBXGroup;
			children = (
				EC082957222FE3B50033A12B /* CommUtil.h */,
				EC082958222FE3B50033A12B /* CommUtil.m */,
				EC494D52222FF9E0002D98E5 /* UIColor+ColorExtension.h */,
				EC494D53222FF9E0002D98E5 /* UIColor+ColorExtension.m */,
			);
			path = Util;
			sourceTree = "<group>";
		};
		EC08295A222FEA390033A12B /* Configs */ = {
			isa = PBXGroup;
			children = (
				EC08295B222FEA6B0033A12B /* GameConfigs.h */,
				EC08295C222FEA6B0033A12B /* GameConfigs.m */,
			);
			path = Configs;
			sourceTree = "<group>";
		};
		ECD40E692234B17F00607DCA /* Resources */ = {
			isa = PBXGroup;
			children = (
				EC68A52A2234E2DD00A2F1D2 /* redball_stop.wav */,
				EC68A5282234E2DC00A2F1D2 /* bubble_growing.wav */,
				EC68A52D2234E2DD00A2F1D2 /* button_click.wav */,
				EC68A5272234E2DC00A2F1D2 /* bubble_made_faild_byhit.wav */,
				EC68A52C2234E2DD00A2F1D2 /* bubble_made_faild_toosmall.wav */,
				EC68A52E2234E2DD00A2F1D2 /* game_faild.wav */,
				EC68A5262234E2DC00A2F1D2 /* game_readyGo.wav */,
				EC68A52B2234E2DD00A2F1D2 /* game_succeed.wav */,
				EC68A5292234E2DD00A2F1D2 /* timer_nomuch.wav */,
				EC68A5242234DB5A00A2F1D2 /* backmusic.wav */,
			);
			path = Resources;
			sourceTree = "<group>";
		};
		ECD40E6A2234B1D700607DCA /* Helper */ = {
			isa = PBXGroup;
			children = (
				ECD40E6B2234B20E00607DCA /* MianSoundManager.h */,
				ECD40E6C2234B20E00607DCA /* MianSoundManager.m */,
				EC68A5382234EB5B00A2F1D2 /* GameEmitterManager.h */,
				EC68A5392234EB5B00A2F1D2 /* GameEmitterManager.m */,
				EC68A54D2234EE5300A2F1D2 /* BubbleFaild.sks */,
				EC68A54E2234EE5300A2F1D2 /* GameEmitter.xcassets */,
				EC68A5512234F1E400A2F1D2 /* BubbleSucceed.sks */,
			);
			path = Helper;
			sourceTree = "<group>";
		};
		ECF9A1A7222EA82400952DA2 = {
			isa = PBXGroup;
			children = (
				ECF9A1B2222EA82400952DA2 /* BubbleGame */,
				ECF9A1B1222EA82400952DA2 /* Products */,
			);
			sourceTree = "<group>";
		};
		ECF9A1B1222EA82400952DA2 /* Products */ = {
			isa = PBXGroup;
			children = (
				ECF9A1B0222EA82400952DA2 /* BubbleGame.app */,
			);
			name = Products;
			sourceTree = "<group>";
		};
		ECF9A1B2222EA82400952DA2 /* BubbleGame */ = {
			isa = PBXGroup;
			children = (
				ECD40E6A2234B1D700607DCA /* Helper */,
				EC08295A222FEA390033A12B /* Configs */,
				EC082956222FE38D0033A12B /* Util */,
				EC08294B222FC1A00033A12B /* Actors */,
				ECF9A1D0222EA84E00952DA2 /* GameScenes */,
				ECF9A1B3222EA82400952DA2 /* AppDelegate.h */,
				ECF9A1B4222EA82400952DA2 /* AppDelegate.m */,
				ECF9A1BD222EA82400952DA2 /* GameViewController.h */,
				ECF9A1BE222EA82400952DA2 /* GameViewController.m */,
				ECF9A1C0222EA82400952DA2 /* Main.storyboard */,
				EC494D4D222FF516002D98E5 /* Actions.sks */,
				ECF9A1C3222EA82500952DA2 /* Assets.xcassets */,
				EC082954222FE2060033A12B /* ImageReource.xcassets */,
				ECD40E692234B17F00607DCA /* Resources */,
				ECF9A1C5222EA82500952DA2 /* LaunchScreen.storyboard */,
				ECF9A1C8222EA82500952DA2 /* Info.plist */,
				ECF9A1C9222EA82500952DA2 /* main.m */,
			);
			path = BubbleGame;
			sourceTree = "<group>";
		};
		ECF9A1D0222EA84E00952DA2 /* GameScenes */ = {
			isa = PBXGroup;
			children = (
				ECF9A1BA222EA82400952DA2 /* MainGameScene.h */,
				ECF9A1BB222EA82400952DA2 /* MainGameScene.m */,
			);
			path = GameScenes;
			sourceTree = "<group>";
		};
/* End PBXGroup section */

/* Begin PBXNativeTarget section */
		ECF9A1AF222EA82400952DA2 /* BubbleGame */ = {
			isa = PBXNativeTarget;
			buildConfigurationList = ECF9A1CD222EA82500952DA2 /* Build configuration list for PBXNativeTarget "BubbleGame" */;
			buildPhases = (
				ECF9A1AC222EA82400952DA2 /* Sources */,
				ECF9A1AD222EA82400952DA2 /* Frameworks */,
				ECF9A1AE222EA82400952DA2 /* Resources */,
			);
			buildRules = (
			);
			dependencies = (
			);
			name = BubbleGame;
			productName = BubbleGame;
			productReference = ECF9A1B0222EA82400952DA2 /* BubbleGame.app */;
			productType = "com.apple.product-type.application";
		};
/* End PBXNativeTarget section */

/* Begin PBXProject section */
		ECF9A1A8222EA82400952DA2 /* Project object */ = {
			isa = PBXProject;
			attributes = {
				LastUpgradeCheck = 1010;
				ORGANIZATIONNAME = imqiuhang;
				TargetAttributes = {
					ECF9A1AF222EA82400952DA2 = {
						CreatedOnToolsVersion = 10.1;
					};
				};
			};
			buildConfigurationList = ECF9A1AB222EA82400952DA2 /* Build configuration list for PBXProject "BubbleGame" */;
			compatibilityVersion = "Xcode 9.3";
			developmentRegion = en;
			hasScannedForEncodings = 0;
			knownRegions = (
				en,
				Base,
			);
			mainGroup = ECF9A1A7222EA82400952DA2;
			productRefGroup = ECF9A1B1222EA82400952DA2 /* Products */;
			projectDirPath = "";
			projectRoot = "";
			targets = (
				ECF9A1AF222EA82400952DA2 /* BubbleGame */,
			);
		};
/* End PBXProject section */

/* Begin PBXResourcesBuildPhase section */
		ECF9A1AE222EA82400952DA2 /* Resources */ = {
			isa = PBXResourcesBuildPhase;
			buildActionMask = 2147483647;
			files = (
				ECF9A1C2222EA82400952DA2 /* Main.storyboard in Resources */,
				EC68A5252234DB5A00A2F1D2 /* backmusic.wav in Resources */,
				EC68A5312234E2DD00A2F1D2 /* bubble_growing.wav in Resources */,
				EC68A5302234E2DD00A2F1D2 /* bubble_made_faild_byhit.wav in Resources */,
				EC68A5352234E2DD00A2F1D2 /* bubble_made_faild_toosmall.wav in Resources */,
				EC68A5322234E2DD00A2F1D2 /* timer_nomuch.wav in Resources */,
				EC68A5502234EE5300A2F1D2 /* GameEmitter.xcassets in Resources */,
				EC082955222FE2060033A12B /* ImageReource.xcassets in Resources */,
				EC68A5372234E2DD00A2F1D2 /* game_faild.wav in Resources */,
				ECF9A1C4222EA82500952DA2 /* Assets.xcassets in Resources */,
				EC68A5342234E2DD00A2F1D2 /* game_succeed.wav in Resources */,
				EC68A54F2234EE5300A2F1D2 /* BubbleFaild.sks in Resources */,
				EC68A5332234E2DD00A2F1D2 /* redball_stop.wav in Resources */,
				ECF9A1C7222EA82500952DA2 /* LaunchScreen.storyboard in Resources */,
				EC68A5362234E2DD00A2F1D2 /* button_click.wav in Resources */,
				EC494D4E222FF516002D98E5 /* Actions.sks in Resources */,
				EC68A5532234F1E400A2F1D2 /* BubbleSucceed.sks in Resources */,
				EC68A52F2234E2DD00A2F1D2 /* game_readyGo.wav in Resources */,
			);
			runOnlyForDeploymentPostprocessing = 0;
		};
/* End PBXResourcesBuildPhase section */

/* Begin PBXSourcesBuildPhase section */
		ECF9A1AC222EA82400952DA2 /* Sources */ = {
			isa = PBXSourcesBuildPhase;
			buildActionMask = 2147483647;
			files = (
				ECD40E6D2234B20E00607DCA /* MianSoundManager.m in Sources */,
				EC494D51222FF7B6002D98E5 /* SpinnyNode.m in Sources */,
				EC08294E222FC1DD0033A12B /* RedBall.m in Sources */,
				ECF9A1BC222EA82400952DA2 /* MainGameScene.m in Sources */,
				ECF9A1BF222EA82400952DA2 /* GameViewController.m in Sources */,
				EC08295D222FEA6B0033A12B /* GameConfigs.m in Sources */,
				EC494D54222FF9E0002D98E5 /* UIColor+ColorExtension.m in Sources */,
				EC082953222FC5470033A12B /* Bubble.m in Sources */,
				ECF9A1CA222EA82500952DA2 /* main.m in Sources */,
				ECF9A1B5222EA82400952DA2 /* AppDelegate.m in Sources */,
				EC68A53A2234EB5B00A2F1D2 /* GameEmitterManager.m in Sources */,
				EC082959222FE3B50033A12B /* CommUtil.m in Sources */,
			);
			runOnlyForDeploymentPostprocessing = 0;
		};
/* End PBXSourcesBuildPhase section */

/* Begin PBXVariantGroup section */
		ECF9A1C0222EA82400952DA2 /* Main.storyboard */ = {
			isa = PBXVariantGroup;
			children = (
				ECF9A1C1222EA82400952DA2 /* Base */,
			);
			name = Main.storyboard;
			sourceTree = "<group>";
		};
		ECF9A1C5222EA82500952DA2 /* LaunchScreen.storyboard */ = {
			isa = PBXVariantGroup;
			children = (
				ECF9A1C6222EA82500952DA2 /* Base */,
			);
			name = LaunchScreen.storyboard;
			sourceTree = "<group>";
		};
/* End PBXVariantGroup section */

/* Begin XCBuildConfiguration section */
		ECF9A1CB222EA82500952DA2 /* Debug */ = {
			isa = XCBuildConfiguration;
			buildSettings = {
				ALWAYS_SEARCH_USER_PATHS = NO;
				CLANG_ANALYZER_NONNULL = YES;
				CLANG_ANALYZER_NUMBER_OBJECT_CONVERSION = YES_AGGRESSIVE;
				CLANG_CXX_LANGUAGE_STANDARD = "gnu++14";
				CLANG_CXX_LIBRARY = "libc++";
				CLANG_ENABLE_MODULES = YES;
				CLANG_ENABLE_OBJC_ARC = YES;
				CLANG_ENABLE_OBJC_WEAK = YES;
				CLANG_WARN_BLOCK_CAPTURE_AUTORELEASING = YES;
				CLANG_WARN_BOOL_CONVERSION = YES;
				CLANG_WARN_COMMA = YES;
				CLANG_WARN_CONSTANT_CONVERSION = YES;
				CLANG_WARN_DEPRECATED_OBJC_IMPLEMENTATIONS = YES;
				CLANG_WARN_DIRECT_OBJC_ISA_USAGE = YES_ERROR;
				CLANG_WARN_DOCUMENTATION_COMMENTS = YES;
				CLANG_WARN_EMPTY_BODY = YES;
				CLANG_WARN_ENUM_CONVERSION = YES;
				CLANG_WARN_INFINITE_RECURSION = YES;
				CLANG_WARN_INT_CONVERSION = YES;
				CLANG_WARN_NON_LITERAL_NULL_CONVERSION = YES;
				CLANG_WARN_OBJC_IMPLICIT_RETAIN_SELF = YES;
				CLANG_WARN_OBJC_LITERAL_CONVERSION = YES;
				CLANG_WARN_OBJC_ROOT_CLASS = YES_ERROR;
				CLANG_WARN_RANGE_LOOP_ANALYSIS = YES;
				CLANG_WARN_STRICT_PROTOTYPES = YES;
				CLANG_WARN_SUSPICIOUS_MOVE = YES;
				CLANG_WARN_UNGUARDED_AVAILABILITY = YES_AGGRESSIVE;
				CLANG_WARN_UNREACHABLE_CODE = YES;
				CLANG_WARN__DUPLICATE_METHOD_MATCH = YES;
				CODE_SIGN_IDENTITY = "iPhone Developer";
				COPY_PHASE_STRIP = NO;
				DEBUG_INFORMATION_FORMAT = dwarf;
				ENABLE_STRICT_OBJC_MSGSEND = YES;
				ENABLE_TESTABILITY = YES;
				GCC_C_LANGUAGE_STANDARD = gnu11;
				GCC_DYNAMIC_NO_PIC = NO;
				GCC_NO_COMMON_BLOCKS = YES;
				GCC_OPTIMIZATION_LEVEL = 0;
				GCC_PREPROCESSOR_DEFINITIONS = (
					"DEBUG=1",
					"$(inherited)",
				);
				GCC_WARN_64_TO_32_BIT_CONVERSION = YES;
				GCC_WARN_ABOUT_RETURN_TYPE = YES_ERROR;
				GCC_WARN_UNDECLARED_SELECTOR = YES;
				GCC_WARN_UNINITIALIZED_AUTOS = YES_AGGRESSIVE;
				GCC_WARN_UNUSED_FUNCTION = YES;
				GCC_WARN_UNUSED_VARIABLE = YES;
				IPHONEOS_DEPLOYMENT_TARGET = 12.1;
				MTL_ENABLE_DEBUG_INFO = INCLUDE_SOURCE;
				MTL_FAST_MATH = YES;
				ONLY_ACTIVE_ARCH = YES;
				SDKROOT = iphoneos;
			};
			name = Debug;
		};
		ECF9A1CC222EA82500952DA2 /* Release */ = {
			isa = XCBuildConfiguration;
			buildSettings = {
				ALWAYS_SEARCH_USER_PATHS = NO;
				CLANG_ANALYZER_NONNULL = YES;
				CLANG_ANALYZER_NUMBER_OBJECT_CONVERSION = YES_AGGRESSIVE;
				CLANG_CXX_LANGUAGE_STANDARD = "gnu++14";
				CLANG_CXX_LIBRARY = "libc++";
				CLANG_ENABLE_MODULES = YES;
				CLANG_ENABLE_OBJC_ARC = YES;
				CLANG_ENABLE_OBJC_WEAK = YES;
				CLANG_WARN_BLOCK_CAPTURE_AUTORELEASING = YES;
				CLANG_WARN_BOOL_CONVERSION = YES;
				CLANG_WARN_COMMA = YES;
				CLANG_WARN_CONSTANT_CONVERSION = YES;
				CLANG_WARN_DEPRECATED_OBJC_IMPLEMENTATIONS = YES;
				CLANG_WARN_DIRECT_OBJC_ISA_USAGE = YES_ERROR;
				CLANG_WARN_DOCUMENTATION_COMMENTS = YES;
				CLANG_WARN_EMPTY_BODY = YES;
				CLANG_WARN_ENUM_CONVERSION = YES;
				CLANG_WARN_INFINITE_RECURSION = YES;
				CLANG_WARN_INT_CONVERSION = YES;
				CLANG_WARN_NON_LITERAL_NULL_CONVERSION = YES;
				CLANG_WARN_OBJC_IMPLICIT_RETAIN_SELF = YES;
				CLANG_WARN_OBJC_LITERAL_CONVERSION = YES;
				CLANG_WARN_OBJC_ROOT_CLASS = YES_ERROR;
				CLANG_WARN_RANGE_LOOP_ANALYSIS = YES;
				CLANG_WARN_STRICT_PROTOTYPES = YES;
				CLANG_WARN_SUSPICIOUS_MOVE = YES;
				CLANG_WARN_UNGUARDED_AVAILABILITY = YES_AGGRESSIVE;
				CLANG_WARN_UNREACHABLE_CODE = YES;
				CLANG_WARN__DUPLICATE_METHOD_MATCH = YES;
				CODE_SIGN_IDENTITY = "iPhone Developer";
				COPY_PHASE_STRIP = NO;
				DEBUG_INFORMATION_FORMAT = "dwarf-with-dsym";
				ENABLE_NS_ASSERTIONS = NO;
				ENABLE_STRICT_OBJC_MSGSEND = YES;
				GCC_C_LANGUAGE_STANDARD = gnu11;
				GCC_NO_COMMON_BLOCKS = YES;
				GCC_WARN_64_TO_32_BIT_CONVERSION = YES;
				GCC_WARN_ABOUT_RETURN_TYPE = YES_ERROR;
				GCC_WARN_UNDECLARED_SELECTOR = YES;
				GCC_WARN_UNINITIALIZED_AUTOS = YES_AGGRESSIVE;
				GCC_WARN_UNUSED_FUNCTION = YES;
				GCC_WARN_UNUSED_VARIABLE = YES;
				IPHONEOS_DEPLOYMENT_TARGET = 12.1;
				MTL_ENABLE_DEBUG_INFO = NO;
				MTL_FAST_MATH = YES;
				SDKROOT = iphoneos;
				VALIDATE_PRODUCT = YES;
			};
			name = Release;
		};
		ECF9A1CE222EA82500952DA2 /* Debug */ = {
			isa = XCBuildConfiguration;
			buildSettings = {
				ASSETCATALOG_COMPILER_APPICON_NAME = AppIcon;
				CODE_SIGN_STYLE = Automatic;
				DEVELOPMENT_TEAM = WR6H24YNSQ;
				INFOPLIST_FILE = BubbleGame/Info.plist;
				LD_RUNPATH_SEARCH_PATHS = (
					"$(inherited)",
					"@executable_path/Frameworks",
				);
				PRODUCT_BUNDLE_IDENTIFIER = imqiuhang.BubbleGame;
				PRODUCT_NAME = "$(TARGET_NAME)";
				TARGETED_DEVICE_FAMILY = 2;
			};
			name = Debug;
		};
		ECF9A1CF222EA82500952DA2 /* Release */ = {
			isa = XCBuildConfiguration;
			buildSettings = {
				ASSETCATALOG_COMPILER_APPICON_NAME = AppIcon;
				CODE_SIGN_STYLE = Automatic;
				DEVELOPMENT_TEAM = WR6H24YNSQ;
				INFOPLIST_FILE = BubbleGame/Info.plist;
				LD_RUNPATH_SEARCH_PATHS = (
					"$(inherited)",
					"@executable_path/Frameworks",
				);
				PRODUCT_BUNDLE_IDENTIFIER = imqiuhang.BubbleGame;
				PRODUCT_NAME = "$(TARGET_NAME)";
				TARGETED_DEVICE_FAMILY = 2;
			};
			name = Release;
		};
/* End XCBuildConfiguration section */

/* Begin XCConfigurationList section */
		ECF9A1AB222EA82400952DA2 /* Build configuration list for PBXProject "BubbleGame" */ = {
			isa = XCConfigurationList;
			buildConfigurations = (
				ECF9A1CB222EA82500952DA2 /* Debug */,
				ECF9A1CC222EA82500952DA2 /* Release */,
			);
			defaultConfigurationIsVisible = 0;
			defaultConfigurationName = Release;
		};
		ECF9A1CD222EA82500952DA2 /* Build configuration list for PBXNativeTarget "BubbleGame" */ = {
			isa = XCConfigurationList;
			buildConfigurations = (
				ECF9A1CE222EA82500952DA2 /* Debug */,
				ECF9A1CF222EA82500952DA2 /* Release */,
			);
			defaultConfigurationIsVisible = 0;
			defaultConfigurationName = Release;
		};
/* End XCConfigurationList section */
	};
	rootObject = ECF9A1A8222EA82400952DA2 /* Project object */;
}
